
Microsoft Visual Studio Solution File, Format Version 12.00
# Visual Studio Version 17
VisualStudioVersion = 17.6.33927.249
MinimumVisualStudioVersion = 10.0.40219.1
Project("{FAE04EC0-301F-11D3-BF4B-00C04F79EFBC}") = "Debugging", "Debugging.csproj", "{04C05884-B210-4A25-A1C5-42F179F1420D}"
EndProject
Global
	GlobalSection(SolutionConfigurationPlatforms) = preSolution
		Debug|Any CPU = Debug|Any CPU
		Release|Any CPU = Release|Any CPU
	EndGlobalSection
	GlobalSection(ProjectConfigurationPlatforms) = postSolution
		{04C05884-B210-4A25-A1C5-42F179F1420D}.Debug|Any CPU.ActiveCfg = Debug|Any CPU
		{04C05884-B210-4A25-A1C5-42F179F1420D}.Debug|Any CPU.Build.0 = Debug|Any CPU
		{04C05884-B210-4A25-A1C5-42F179F1420D}.Release|Any CPU.ActiveCfg = Release|Any CPU
		{04C05884-B210-4A25-A1C5-42F179F1420D}.Release|Any CPU.Build.0 = Release|Any CPU
	EndGlobalSection
	GlobalSection(SolutionProperties) = preSolution
		HideSolutionNode = FALSE
	EndGlobalSection
	GlobalSection(ExtensibilityGlobals) = postSolution
		SolutionGuid = {8773F367-8ACA-491C-B0E6-2C267066CB65}
	EndGlobalSection
EndGlobal
